
Microsoft Visual Studio Solution File, Format Version 12.00
# Visual Studio Version 16
VisualStudioVersion = 16.0.29411.108
MinimumVisualStudioVersion = 10.0.40219.1
Project("{FAE04EC0-301F-11D3-BF4B-00C04F79EFBC}") = "AboutMeApp.UWP", "AboutMeApp\AboutMeApp.UWP\AboutMeApp.UWP.csproj", "{4339B41D-6C32-42BA-A817-4D71CA0A500F}"
EndProject
Project("{FAE04EC0-301F-11D3-BF4B-00C04F79EFBC}") = "AboutMeApp.Android", "AboutMeApp\AboutMeApp.Android\AboutMeApp.Android.csproj", "{AF34F5F2-FE58-4185-BF67-52A4BAD012A5}"
EndProject
Project("{FAE04EC0-301F-11D3-BF4B-00C04F79EFBC}") = "AboutMeApp.iOS", "AboutMeApp\AboutMeApp.iOS\AboutMeApp.iOS.csproj", "{82A80DEA-A471-412B-801F-74E7A6BD0247}"
EndProject
Project("{9A19103F-16F7-4668-BE54-9A1E7A4F7556}") = "AboutMeApp", "AboutMeApp\AboutMeApp\AboutMeApp.csproj", "{F263911D-B5F5-4994-B0FF-24A7067B7291}"
EndProject
Project("{2150E333-8FDC-42A3-9474-1A3956D46DE8}") = "Solution Items", "Solution Items", "{01E45D92-ACC5-48C7-AAA2-5196F9B68254}"
EndProject
Global
	GlobalSection(SolutionConfigurationPlatforms) = preSolution
		Debug|Any CPU = Debug|Any CPU
		Debug|ARM = Debug|ARM
		Debug|iPhone = Debug|iPhone
		Debug|iPhoneSimulator = Debug|iPhoneSimulator
		Debug|x64 = Debug|x64
		Debug|x86 = Debug|x86
		Release|Any CPU = Release|Any CPU
		Release|ARM = Release|ARM
		Release|iPhone = Release|iPhone
		Release|iPhoneSimulator = Release|iPhoneSimulator
		Release|x64 = Release|x64
		Release|x86 = Release|x86
	EndGlobalSection
	GlobalSection(ProjectConfigurationPlatforms) = postSolution
		{4339B41D-6C32-42BA-A817-4D71CA0A500F}.Debug|Any CPU.ActiveCfg = Debug|x86
		{4339B41D-6C32-42BA-A817-4D71CA0A500F}.Debug|Any CPU.Build.0 = Debug|x86
		{4339B41D-6C32-42BA-A817-4D71CA0A500F}.Debug|Any CPU.Deploy.0 = Debug|x86
		{4339B41D-6C32-42BA-A817-4D71CA0A500F}.Debug|ARM.ActiveCfg = Debug|ARM
		{4339B41D-6C32-42BA-A817-4D71CA0A500F}.Debug|ARM.Build.0 = Debug|ARM
		{4339B41D-6C32-42BA-A817-4D71CA0A500F}.Debug|ARM.Deploy.0 = Debug|ARM
		{4339B41D-6C32-42BA-A817-4D71CA0A500F}.Debug|iPhone.ActiveCfg = Debug|x86
		{4339B41D-6C32-42BA-A817-4D71CA0A500F}.Debug|iPhone.Build.0 = Debug|x86
		{4339B41D-6C32-42BA-A817-4D71CA0A500F}.Debug|iPhone.Deploy.0 = Debug|x86
		{4339B41D-6C32-42BA-A817-4D71CA0A500F}.Debug|iPhoneSimulator.ActiveCfg = Debug|x86
		{4339B41D-6C32-42BA-A817-4D71CA0A500F}.Debug|iPhoneSimulator.Build.0 = Debug|x86
		{4339B41D-6C32-42BA-A817-4D71CA0A500F}.Debug|iPhoneSimulator.Deploy.0 = Debug|x86
		{4339B41D-6C32-42BA-A817-4D71CA0A500F}.Debug|x64.ActiveCfg = Debug|x64
		{4339B41D-6C32-42BA-A817-4D71CA0A500F}.Debug|x64.Build.0 = Debug|x64
		{4339B41D-6C32-42BA-A817-4D71CA0A500F}.Debug|x64.Deploy.0 = Debug|x64
		{4339B41D-6C32-42BA-A817-4D71CA0A500F}.Debug|x86.ActiveCfg = Debug|x86
		{4339B41D-6C32-42BA-A817-4D71CA0A500F}.Debug|x86.Build.0 = Debug|x86
		{4339B41D-6C32-42BA-A817-4D71CA0A500F}.Debug|x86.Deploy.0 = Debug|x86
		{4339B41D-6C32-42BA-A817-4D71CA0A500F}.Release|Any CPU.ActiveCfg = Release|x86
		{4339B41D-6C32-42BA-A817-4D71CA0A500F}.Release|Any CPU.Build.0 = Release|x86
		{4339B41D-6C32-42BA-A817-4D71CA0A500F}.Release|Any CPU.Deploy.0 = Release|x86
		{4339B41D-6C32-42BA-A817-4D71CA0A500F}.Release|ARM.ActiveCfg = Release|ARM
		{4339B41D-6C32-42BA-A817-4D71CA0A500F}.Release|ARM.Build.0 = Release|ARM
		{4339B41D-6C32-42BA-A817-4D71CA0A500F}.Release|ARM.Deploy.0 = Release|ARM
		{4339B41D-6C32-42BA-A817-4D71CA0A500F}.Release|iPhone.ActiveCfg = Release|x86
		{4339B41D-6C32-42BA-A817-4D71CA0A500F}.Release|iPhone.Build.0 = Release|x86
		{4339B41D-6C32-42BA-A817-4D71CA0A500F}.Release|iPhone.Deploy.0 = Release|x86
		{4339B41D-6C32-42BA-A817-4D71CA0A500F}.Release|iPhoneSimulator.ActiveCfg = Release|x86
		{4339B41D-6C32-42BA-A817-4D71CA0A500F}.Release|iPhoneSimulator.Build.0 = Release|x86
		{4339B41D-6C32-42BA-A817-4D71CA0A500F}.Release|iPhoneSimulator.Deploy.0 = Release|x86
		{4339B41D-6C32-42BA-A817-4D71CA0A500F}.Release|x64.ActiveCfg = Release|x64
		{4339B41D-6C32-42BA-A817-4D71CA0A500F}.Release|x64.Build.0 = Release|x64
		{4339B41D-6C32-42BA-A817-4D71CA0A500F}.Release|x64.Deploy.0 = Release|x64
		{4339B41D-6C32-42BA-A817-4D71CA0A500F}.Release|x86.ActiveCfg = Release|x86
		{4339B41D-6C32-42BA-A817-4D71CA0A500F}.Release|x86.Build.0 = Release|x86
		{4339B41D-6C32-42BA-A817-4D71CA0A500F}.Release|x86.Deploy.0 = Release|x86
		{AF34F5F2-FE58-4185-BF67-52A4BAD012A5}.Debug|Any CPU.ActiveCfg = Debug|Any CPU
		{AF34F5F2-FE58-4185-BF67-52A4BAD012A5}.Debug|Any CPU.Build.0 = Debug|Any CPU
		{AF34F5F2-FE58-4185-BF67-52A4BAD012A5}.Debug|Any CPU.Deploy.0 = Debug|Any CPU
		{AF34F5F2-FE58-4185-BF67-52A4BAD012A5}.Debug|ARM.ActiveCfg = Debug|Any CPU
		{AF34F5F2-FE58-4185-BF67-52A4BAD012A5}.Debug|ARM.Build.0 = Debug|Any CPU
		{AF34F5F2-FE58-4185-BF67-52A4BAD012A5}.Debug|ARM.Deploy.0 = Debug|Any CPU
		{AF34F5F2-FE58-4185-BF67-52A4BAD012A5}.Debug|iPhone.ActiveCfg = Debug|Any CPU
		{AF34F5F2-FE58-4185-BF67-52A4BAD012A5}.Debug|iPhone.Build.0 = Debug|Any CPU
		{AF34F5F2-FE58-4185-BF67-52A4BAD012A5}.Debug|iPhone.Deploy.0 = Debug|Any CPU
		{AF34F5F2-FE58-4185-BF67-52A4BAD012A5}.Debug|iPhoneSimulator.ActiveCfg = Debug|Any CPU
		{AF34F5F2-FE58-4185-BF67-52A4BAD012A5}.Debug|iPhoneSimulator.Build.0 = Debug|Any CPU
		{AF34F5F2-FE58-4185-BF67-52A4BAD012A5}.Debug|iPhoneSimulator.Deploy.0 = Debug|Any CPU
		{AF34F5F2-FE58-4185-BF67-52A4BAD012A5}.Debug|x64.ActiveCfg = Debug|Any CPU
		{AF34F5F2-FE58-4185-BF67-52A4BAD012A5}.Debug|x64.Build.0 = Debug|Any CPU
		{AF34F5F2-FE58-4185-BF67-52A4BAD012A5}.Debug|x64.Deploy.0 = Debug|Any CPU
		{AF34F5F2-FE58-4185-BF67-52A4BAD012A5}.Debug|x86.ActiveCfg = Debug|Any CPU
		{AF34F5F2-FE58-4185-BF67-52A4BAD012A5}.Debug|x86.Build.0 = Debug|Any CPU
		{AF34F5F2-FE58-4185-BF67-52A4BAD012A5}.Debug|x86.Deploy.0 = Debug|Any CPU
		{AF34F5F2-FE58-4185-BF67-52A4BAD012A5}.Release|Any CPU.ActiveCfg = Release|Any CPU
		{AF34F5F2-FE58-4185-BF67-52A4BAD012A5}.Release|Any CPU.Build.0 = Release|Any CPU
		{AF34F5F2-FE58-4185-BF67-52A4BAD012A5}.Release|Any CPU.Deploy.0 = Release|Any CPU
		{AF34F5F2-FE58-4185-BF67-52A4BAD012A5}.Release|ARM.ActiveCfg = Release|Any CPU
		{AF34F5F2-FE58-4185-BF67-52A4BAD012A5}.Release|ARM.Build.0 = Release|Any CPU
		{AF34F5F2-FE58-4185-BF67-52A4BAD012A5}.Release|ARM.Deploy.0 = Release|Any CPU
		{AF34F5F2-FE58-4185-BF67-52A4BAD012A5}.Release|iPhone.ActiveCfg = Release|Any CPU
		{AF34F5F2-FE58-4185-BF67-52A4BAD012A5}.Release|iPhone.Build.0 = Release|Any CPU
		{AF34F5F2-FE58-4185-BF67-52A4BAD012A5}.Release|iPhone.Deploy.0 = Release|Any CPU
		{AF34F5F2-FE58-4185-BF67-52A4BAD012A5}.Release|iPhoneSimulator.ActiveCfg = Release|Any CPU
		{AF34F5F2-FE58-4185-BF67-52A4BAD012A5}.Release|iPhoneSimulator.Build.0 = Release|Any CPU
		{AF34F5F2-FE58-4185-BF67-52A4BAD012A5}.Release|iPhoneSimulator.Deploy.0 = Release|Any CPU
		{AF34F5F2-FE58-4185-BF67-52A4BAD012A5}.Release|x64.ActiveCfg = Release|Any CPU
		{AF34F5F2-FE58-4185-BF67-52A4BAD012A5}.Release|x64.Build.0 = Release|Any CPU
		{AF34F5F2-FE58-4185-BF67-52A4BAD012A5}.Release|x64.Deploy.0 = Release|Any CPU
		{AF34F5F2-FE58-4185-BF67-52A4BAD012A5}.Release|x86.ActiveCfg = Release|Any CPU
		{AF34F5F2-FE58-4185-BF67-52A4BAD012A5}.Release|x86.Build.0 = Release|Any CPU
		{AF34F5F2-FE58-4185-BF67-52A4BAD012A5}.Release|x86.Deploy.0 = Release|Any CPU
		{82A80DEA-A471-412B-801F-74E7A6BD0247}.Debug|Any CPU.ActiveCfg = Debug|iPhone
		{82A80DEA-A471-412B-801F-74E7A6BD0247}.Debug|Any CPU.Build.0 = Debug|iPhone
		{82A80DEA-A471-412B-801F-74E7A6BD0247}.Debug|Any CPU.Deploy.0 = Debug|iPhone
		{82A80DEA-A471-412B-801F-74E7A6BD0247}.Debug|ARM.ActiveCfg = Debug|iPhoneSimulator
		{82A80DEA-A471-412B-801F-74E7A6BD0247}.Debug|ARM.Build.0 = Debug|iPhoneSimulator
		{82A80DEA-A471-412B-801F-74E7A6BD0247}.Debug|ARM.Deploy.0 = Debug|iPhoneSimulator
		{82A80DEA-A471-412B-801F-74E7A6BD0247}.Debug|iPhone.ActiveCfg = Debug|iPhone
		{82A80DEA-A471-412B-801F-74E7A6BD0247}.Debug|iPhone.Build.0 = Debug|iPhone
		{82A80DEA-A471-412B-801F-74E7A6BD0247}.Debug|iPhone.Deploy.0 = Debug|iPhone
		{82A80DEA-A471-412B-801F-74E7A6BD0247}.Debug|iPhoneSimulator.ActiveCfg = Debug|iPhoneSimulator
		{82A80DEA-A471-412B-801F-74E7A6BD0247}.Debug|iPhoneSimulator.Build.0 = Debug|iPhoneSimulator
		{82A80DEA-A471-412B-801F-74E7A6BD0247}.Debug|iPhoneSimulator.Deploy.0 = Debug|iPhoneSimulator
		{82A80DEA-A471-412B-801F-74E7A6BD0247}.Debug|x64.ActiveCfg = Debug|iPhone
		{82A80DEA-A471-412B-801F-74E7A6BD0247}.Debug|x64.Build.0 = Debug|iPhone
		{82A80DEA-A471-412B-801F-74E7A6BD0247}.Debug|x64.Deploy.0 = Debug|iPhone
		{82A80DEA-A471-412B-801F-74E7A6BD0247}.Debug|x86.ActiveCfg = Debug|iPhone
		{82A80DEA-A471-412B-801F-74E7A6BD0247}.Debug|x86.Build.0 = Debug|iPhone
		{82A80DEA-A471-412B-801F-74E7A6BD0247}.Debug|x86.Deploy.0 = Debug|iPhone
		{82A80DEA-A471-412B-801F-74E7A6BD0247}.Release|Any CPU.ActiveCfg = Release|iPhone
		{82A80DEA-A471-412B-801F-74E7A6BD0247}.Release|Any CPU.Build.0 = Release|iPhone
		{82A80DEA-A471-412B-801F-74E7A6BD0247}.Release|Any CPU.Deploy.0 = Release|iPhone
		{82A80DEA-A471-412B-801F-74E7A6BD0247}.Release|ARM.ActiveCfg = Release|iPhone
		{82A80DEA-A471-412B-801F-74E7A6BD0247}.Release|ARM.Build.0 = Release|iPhone
		{82A80DEA-A471-412B-801F-74E7A6BD0247}.Release|ARM.Deploy.0 = Release|iPhone
		{82A80DEA-A471-412B-801F-74E7A6BD0247}.Release|iPhone.ActiveCfg = Release|iPhone
		{82A80DEA-A471-412B-801F-74E7A6BD0247}.Release|iPhone.Build.0 = Release|iPhone
		{82A80DEA-A471-412B-801F-74E7A6BD0247}.Release|iPhone.Deploy.0 = Release|iPhone
		{82A80DEA-A471-412B-801F-74E7A6BD0247}.Release|iPhoneSimulator.ActiveCfg = Release|iPhoneSimulator
		{82A80DEA-A471-412B-801F-74E7A6BD0247}.Release|iPhoneSimulator.Build.0 = Release|iPhoneSimulator
		{82A80DEA-A471-412B-801F-74E7A6BD0247}.Release|iPhoneSimulator.Deploy.0 = Release|iPhoneSimulator
		{82A80DEA-A471-412B-801F-74E7A6BD0247}.Release|x64.ActiveCfg = Release|iPhone
		{82A80DEA-A471-412B-801F-74E7A6BD0247}.Release|x64.Build.0 = Release|iPhone
		{82A80DEA-A471-412B-801F-74E7A6BD0247}.Release|x64.Deploy.0 = Release|iPhone
		{82A80DEA-A471-412B-801F-74E7A6BD0247}.Release|x86.ActiveCfg = Release|iPhone
		{82A80DEA-A471-412B-801F-74E7A6BD0247}.Release|x86.Build.0 = Release|iPhone
		{82A80DEA-A471-412B-801F-74E7A6BD0247}.Release|x86.Deploy.0 = Release|iPhone
		{F263911D-B5F5-4994-B0FF-24A7067B7291}.Debug|Any CPU.ActiveCfg = Debug|Any CPU
		{F263911D-B5F5-4994-B0FF-24A7067B7291}.Debug|Any CPU.Build.0 = Debug|Any CPU
		{F263911D-B5F5-4994-B0FF-24A7067B7291}.Debug|Any CPU.Deploy.0 = Debug|Any CPU
		{F263911D-B5F5-4994-B0FF-24A7067B7291}.Debug|ARM.ActiveCfg = Debug|Any CPU
		{F263911D-B5F5-4994-B0FF-24A7067B7291}.Debug|ARM.Build.0 = Debug|Any CPU
		{F263911D-B5F5-4994-B0FF-24A7067B7291}.Debug|ARM.Deploy.0 = Debug|Any CPU
		{F263911D-B5F5-4994-B0FF-24A7067B7291}.Debug|iPhone.ActiveCfg = Debug|Any CPU
		{F263911D-B5F5-4994-B0FF-24A7067B7291}.Debug|iPhone.Build.0 = Debug|Any CPU
		{F263911D-B5F5-4994-B0FF-24A7067B7291}.Debug|iPhone.Deploy.0 = Debug|Any CPU
		{F263911D-B5F5-4994-B0FF-24A7067B7291}.Debug|iPhoneSimulator.ActiveCfg = Debug|Any CPU
		{F263911D-B5F5-4994-B0FF-24A7067B7291}.Debug|iPhoneSimulator.Build.0 = Debug|Any CPU
		{F263911D-B5F5-4994-B0FF-24A7067B7291}.Debug|iPhoneSimulator.Deploy.0 = Debug|Any CPU
		{F263911D-B5F5-4994-B0FF-24A7067B7291}.Debug|x64.ActiveCfg = Debug|Any CPU
		{F263911D-B5F5-4994-B0FF-24A7067B7291}.Debug|x64.Build.0 = Debug|Any CPU
		{F263911D-B5F5-4994-B0FF-24A7067B7291}.Debug|x64.Deploy.0 = Debug|Any CPU
		{F263911D-B5F5-4994-B0FF-24A7067B7291}.Debug|x86.ActiveCfg = Debug|Any CPU
		{F263911D-B5F5-4994-B0FF-24A7067B7291}.Debug|x86.Build.0 = Debug|Any CPU
		{F263911D-B5F5-4994-B0FF-24A7067B7291}.Debug|x86.Deploy.0 = Debug|Any CPU
		{F263911D-B5F5-4994-B0FF-24A7067B7291}.Release|Any CPU.ActiveCfg = Release|Any CPU
		{F263911D-B5F5-4994-B0FF-24A7067B7291}.Release|Any CPU.Build.0 = Release|Any CPU
		{F263911D-B5F5-4994-B0FF-24A7067B7291}.Release|Any CPU.Deploy.0 = Release|Any CPU
		{F263911D-B5F5-4994-B0FF-24A7067B7291}.Release|ARM.ActiveCfg = Release|Any CPU
		{F263911D-B5F5-4994-B0FF-24A7067B7291}.Release|ARM.Build.0 = Release|Any CPU
		{F263911D-B5F5-4994-B0FF-24A7067B7291}.Release|ARM.Deploy.0 = Release|Any CPU
		{F263911D-B5F5-4994-B0FF-24A7067B7291}.Release|iPhone.ActiveCfg = Release|Any CPU
		{F263911D-B5F5-4994-B0FF-24A7067B7291}.Release|iPhone.Build.0 = Release|Any CPU
		{F263911D-B5F5-4994-B0FF-24A7067B7291}.Release|iPhone.Deploy.0 = Release|Any CPU
		{F263911D-B5F5-4994-B0FF-24A7067B7291}.Release|iPhoneSimulator.ActiveCfg = Release|Any CPU
		{F263911D-B5F5-4994-B0FF-24A7067B7291}.Release|iPhoneSimulator.Build.0 = Release|Any CPU
		{F263911D-B5F5-4994-B0FF-24A7067B7291}.Release|iPhoneSimulator.Deploy.0 = Release|Any CPU
		{F263911D-B5F5-4994-B0FF-24A7067B7291}.Release|x64.ActiveCfg = Release|Any CPU
		{F263911D-B5F5-4994-B0FF-24A7067B7291}.Release|x64.Build.0 = Release|Any CPU
		{F263911D-B5F5-4994-B0FF-24A7067B7291}.Release|x64.Deploy.0 = Release|Any CPU
		{F263911D-B5F5-4994-B0FF-24A7067B7291}.Release|x86.ActiveCfg = Release|Any CPU
		{F263911D-B5F5-4994-B0FF-24A7067B7291}.Release|x86.Build.0 = Release|Any CPU
		{F263911D-B5F5-4994-B0FF-24A7067B7291}.Release|x86.Deploy.0 = Release|Any CPU
	EndGlobalSection
	GlobalSection(SolutionProperties) = preSolution
		HideSolutionNode = FALSE
	EndGlobalSection
	GlobalSection(ExtensibilityGlobals) = postSolution
		SolutionGuid = {8EEDD462-8527-400E-A863-A153EECB1C15}
	EndGlobalSection
EndGlobal
